
Microsoft Visual Studio Solution File, Format Version 12.00
# Visual Studio 15
VisualStudioVersion = 15.0.28307.136
MinimumVisualStudioVersion = 10.0.40219.1
Project("{FAE04EC0-301F-11D3-BF4B-00C04F79EFBC}") = "DogLeave", "DogLeave\DogLeave.csproj", "{C561B2C3-9391-4C77-85FB-DA650AB4DFCE}"
EndProject
Global
	GlobalSection(SolutionConfigurationPlatforms) = preSolution
		Debug|Any CPU = Debug|Any CPU
		Release|Any CPU = Release|Any CPU
	EndGlobalSection
	GlobalSection(ProjectConfigurationPlatforms) = postSolution
		{C561B2C3-9391-4C77-85FB-DA650AB4DFCE}.Debug|Any CPU.ActiveCfg = Debug|Any CPU
		{C561B2C3-9391-4C77-85FB-DA650AB4DFCE}.Debug|Any CPU.Build.0 = Debug|Any CPU
		{C561B2C3-9391-4C77-85FB-DA650AB4DFCE}.Release|Any CPU.ActiveCfg = Release|Any CPU
		{C561B2C3-9391-4C77-85FB-DA650AB4DFCE}.Release|Any CPU.Build.0 = Release|Any CPU
	EndGlobalSection
	GlobalSection(SolutionProperties) = preSolution
		HideSolutionNode = FALSE
	EndGlobalSection
	GlobalSection(ExtensibilityGlobals) = postSolution
		SolutionGuid = {792868E0-633C-4AC1-8206-7F7C8D8AB642}
	EndGlobalSection
EndGlobal
